
Microsoft Visual Studio Solution File, Format Version 12.00
# Visual Studio 15
VisualStudioVersion = 15.0.27703.2035
MinimumVisualStudioVersion = 10.0.40219.1
Project("{FAE04EC0-301F-11D3-BF4B-00C04F79EFBC}") = "SheduleData", "Shedule\SheduleData.csproj", "{C57A1DBE-7939-41B5-8FF0-93E2A7EB560B}"
EndProject
Global
	GlobalSection(SolutionConfigurationPlatforms) = preSolution
		Debug|Any CPU = Debug|Any CPU
		Release|Any CPU = Release|Any CPU
	EndGlobalSection
	GlobalSection(ProjectConfigurationPlatforms) = postSolution
		{C57A1DBE-7939-41B5-8FF0-93E2A7EB560B}.Debug|Any CPU.ActiveCfg = Debug|Any CPU
		{C57A1DBE-7939-41B5-8FF0-93E2A7EB560B}.Debug|Any CPU.Build.0 = Debug|Any CPU
		{C57A1DBE-7939-41B5-8FF0-93E2A7EB560B}.Release|Any CPU.ActiveCfg = Release|Any CPU
		{C57A1DBE-7939-41B5-8FF0-93E2A7EB560B}.Release|Any CPU.Build.0 = Release|Any CPU
	EndGlobalSection
	GlobalSection(SolutionProperties) = preSolution
		HideSolutionNode = FALSE
	EndGlobalSection
	GlobalSection(ExtensibilityGlobals) = postSolution
		SolutionGuid = {FE815166-4A19-473E-8DAD-3F8E36891416}
	EndGlobalSection
EndGlobal
